
Microsoft Visual Studio Solution File, Format Version 12.00
# Visual Studio 15
VisualStudioVersion = 15.0.27004.2005
MinimumVisualStudioVersion = 10.0.40219.1
Project("{FAE04EC0-301F-11D3-BF4B-00C04F79EFBC}") = "Modelo", "Modelo\Modelo.csproj", "{9E9E72EC-19F2-466B-AB94-2448B38E1C8D}"
EndProject
Project("{FAE04EC0-301F-11D3-BF4B-00C04F79EFBC}") = "Oracle2", "Oracle2\Oracle2.csproj", "{13E2BD0A-9B3C-4D80-8E2B-3CB70948B5E3}"
EndProject
Global
	GlobalSection(SolutionConfigurationPlatforms) = preSolution
		Debug|Any CPU = Debug|Any CPU
		Release|Any CPU = Release|Any CPU
	EndGlobalSection
	GlobalSection(ProjectConfigurationPlatforms) = postSolution
		{9E9E72EC-19F2-466B-AB94-2448B38E1C8D}.Debug|Any CPU.ActiveCfg = Debug|Any CPU
		{9E9E72EC-19F2-466B-AB94-2448B38E1C8D}.Debug|Any CPU.Build.0 = Debug|Any CPU
		{9E9E72EC-19F2-466B-AB94-2448B38E1C8D}.Release|Any CPU.ActiveCfg = Release|Any CPU
		{9E9E72EC-19F2-466B-AB94-2448B38E1C8D}.Release|Any CPU.Build.0 = Release|Any CPU
		{13E2BD0A-9B3C-4D80-8E2B-3CB70948B5E3}.Debug|Any CPU.ActiveCfg = Debug|Any CPU
		{13E2BD0A-9B3C-4D80-8E2B-3CB70948B5E3}.Debug|Any CPU.Build.0 = Debug|Any CPU
		{13E2BD0A-9B3C-4D80-8E2B-3CB70948B5E3}.Release|Any CPU.ActiveCfg = Release|Any CPU
		{13E2BD0A-9B3C-4D80-8E2B-3CB70948B5E3}.Release|Any CPU.Build.0 = Release|Any CPU
	EndGlobalSection
	GlobalSection(SolutionProperties) = preSolution
		HideSolutionNode = FALSE
	EndGlobalSection
	GlobalSection(ExtensibilityGlobals) = postSolution
		SolutionGuid = {7B7E3FC1-D3C9-4B54-938C-E64FAE84CE16}
	EndGlobalSection
EndGlobal
